
Microsoft Visual Studio Solution File, Format Version 12.00
# Visual Studio Version 17
VisualStudioVersion = 17.0.31717.71
MinimumVisualStudioVersion = 10.0.40219.1
Project("{2150E333-8FDC-42A3-9474-1A3956D46DE8}") = "src", "src", "{EBA7993D-AB8A-4F76-8E91-1903BFD523F1}"
EndProject
Project("{6EC3EE1D-3C4E-46DD-8F32-0CC8E7565705}") = "Perla", "src\Perla\Perla.fsproj", "{37A5F6A7-5FA6-4839-8798-5034BD522202}"
EndProject
Project("{2150E333-8FDC-42A3-9474-1A3956D46DE8}") = "App", "App", "{40C29442-8C0A-40D9-9F93-BC04D17FC870}"
EndProject
Project("{6EC3EE1D-3C4E-46DD-8F32-0CC8E7565705}") = "App", "src\App\src\App.fsproj", "{6A52D478-4F60-4189-9271-66D814C29DCC}"
EndProject
Project("{F2A71F9B-5D33-465A-A702-920D77279786}") = "Perla.Lib", "src\Perla.Lib\Perla.Lib.fsproj", "{5F0C5440-56DB-49D4-A9CF-51FB210FDEB4}"
EndProject
Project("{2150E333-8FDC-42A3-9474-1A3956D46DE8}") = "Solution Items", "Solution Items", "{E8DF567A-FA9E-4CCF-B117-E4D73572E92E}"
	ProjectSection(SolutionItems) = preProject
		.editorconfig = .editorconfig
		.gitignore = .gitignore
		build.fsx = build.fsx
		Directory.build.props = Directory.build.props
		LICENSE = LICENSE
		perla.schema.json = perla.schema.json
		README.md = README.md
	EndProjectSection
EndProject
Global
	GlobalSection(SolutionConfigurationPlatforms) = preSolution
		Debug|Any CPU = Debug|Any CPU
		Debug|x64 = Debug|x64
		Debug|x86 = Debug|x86
		Release|Any CPU = Release|Any CPU
		Release|x64 = Release|x64
		Release|x86 = Release|x86
	EndGlobalSection
	GlobalSection(ProjectConfigurationPlatforms) = postSolution
		{37A5F6A7-5FA6-4839-8798-5034BD522202}.Debug|Any CPU.ActiveCfg = Debug|Any CPU
		{37A5F6A7-5FA6-4839-8798-5034BD522202}.Debug|Any CPU.Build.0 = Debug|Any CPU
		{37A5F6A7-5FA6-4839-8798-5034BD522202}.Debug|x64.ActiveCfg = Debug|Any CPU
		{37A5F6A7-5FA6-4839-8798-5034BD522202}.Debug|x64.Build.0 = Debug|Any CPU
		{37A5F6A7-5FA6-4839-8798-5034BD522202}.Debug|x86.ActiveCfg = Debug|Any CPU
		{37A5F6A7-5FA6-4839-8798-5034BD522202}.Debug|x86.Build.0 = Debug|Any CPU
		{37A5F6A7-5FA6-4839-8798-5034BD522202}.Release|Any CPU.ActiveCfg = Release|Any CPU
		{37A5F6A7-5FA6-4839-8798-5034BD522202}.Release|Any CPU.Build.0 = Release|Any CPU
		{37A5F6A7-5FA6-4839-8798-5034BD522202}.Release|x64.ActiveCfg = Release|Any CPU
		{37A5F6A7-5FA6-4839-8798-5034BD522202}.Release|x64.Build.0 = Release|Any CPU
		{37A5F6A7-5FA6-4839-8798-5034BD522202}.Release|x86.ActiveCfg = Release|Any CPU
		{37A5F6A7-5FA6-4839-8798-5034BD522202}.Release|x86.Build.0 = Release|Any CPU
		{6A52D478-4F60-4189-9271-66D814C29DCC}.Debug|Any CPU.ActiveCfg = Debug|Any CPU
		{6A52D478-4F60-4189-9271-66D814C29DCC}.Debug|Any CPU.Build.0 = Debug|Any CPU
		{6A52D478-4F60-4189-9271-66D814C29DCC}.Debug|x64.ActiveCfg = Debug|Any CPU
		{6A52D478-4F60-4189-9271-66D814C29DCC}.Debug|x64.Build.0 = Debug|Any CPU
		{6A52D478-4F60-4189-9271-66D814C29DCC}.Debug|x86.ActiveCfg = Debug|Any CPU
		{6A52D478-4F60-4189-9271-66D814C29DCC}.Debug|x86.Build.0 = Debug|Any CPU
		{6A52D478-4F60-4189-9271-66D814C29DCC}.Release|Any CPU.ActiveCfg = Release|Any CPU
		{6A52D478-4F60-4189-9271-66D814C29DCC}.Release|Any CPU.Build.0 = Release|Any CPU
		{6A52D478-4F60-4189-9271-66D814C29DCC}.Release|x64.ActiveCfg = Release|Any CPU
		{6A52D478-4F60-4189-9271-66D814C29DCC}.Release|x64.Build.0 = Release|Any CPU
		{6A52D478-4F60-4189-9271-66D814C29DCC}.Release|x86.ActiveCfg = Release|Any CPU
		{6A52D478-4F60-4189-9271-66D814C29DCC}.Release|x86.Build.0 = Release|Any CPU
		{5F0C5440-56DB-49D4-A9CF-51FB210FDEB4}.Debug|Any CPU.ActiveCfg = Debug|Any CPU
		{5F0C5440-56DB-49D4-A9CF-51FB210FDEB4}.Debug|Any CPU.Build.0 = Debug|Any CPU
		{5F0C5440-56DB-49D4-A9CF-51FB210FDEB4}.Debug|x64.ActiveCfg = Debug|Any CPU
		{5F0C5440-56DB-49D4-A9CF-51FB210FDEB4}.Debug|x64.Build.0 = Debug|Any CPU
		{5F0C5440-56DB-49D4-A9CF-51FB210FDEB4}.Debug|x86.ActiveCfg = Debug|Any CPU
		{5F0C5440-56DB-49D4-A9CF-51FB210FDEB4}.Debug|x86.Build.0 = Debug|Any CPU
		{5F0C5440-56DB-49D4-A9CF-51FB210FDEB4}.Release|Any CPU.ActiveCfg = Release|Any CPU
		{5F0C5440-56DB-49D4-A9CF-51FB210FDEB4}.Release|Any CPU.Build.0 = Release|Any CPU
		{5F0C5440-56DB-49D4-A9CF-51FB210FDEB4}.Release|x64.ActiveCfg = Release|Any CPU
		{5F0C5440-56DB-49D4-A9CF-51FB210FDEB4}.Release|x64.Build.0 = Release|Any CPU
		{5F0C5440-56DB-49D4-A9CF-51FB210FDEB4}.Release|x86.ActiveCfg = Release|Any CPU
		{5F0C5440-56DB-49D4-A9CF-51FB210FDEB4}.Release|x86.Build.0 = Release|Any CPU
	EndGlobalSection
	GlobalSection(SolutionProperties) = preSolution
		HideSolutionNode = FALSE
	EndGlobalSection
	GlobalSection(NestedProjects) = preSolution
		{37A5F6A7-5FA6-4839-8798-5034BD522202} = {EBA7993D-AB8A-4F76-8E91-1903BFD523F1}
		{40C29442-8C0A-40D9-9F93-BC04D17FC870} = {EBA7993D-AB8A-4F76-8E91-1903BFD523F1}
		{6A52D478-4F60-4189-9271-66D814C29DCC} = {40C29442-8C0A-40D9-9F93-BC04D17FC870}
		{5F0C5440-56DB-49D4-A9CF-51FB210FDEB4} = {EBA7993D-AB8A-4F76-8E91-1903BFD523F1}
	EndGlobalSection
	GlobalSection(ExtensibilityGlobals) = postSolution
		SolutionGuid = {7D4871D9-18C5-4755-8967-0F93A78C7715}
	EndGlobalSection
EndGlobal
