
Microsoft Visual Studio Solution File, Format Version 12.00
# Visual Studio Version 17
VisualStudioVersion = 17.0.31717.71
MinimumVisualStudioVersion = 10.0.40219.1
Project("{2150E333-8FDC-42A3-9474-1A3956D46DE8}") = ".paket", ".paket", "{602F10B7-E4E8-4692-932A-5BC1D0F7E0B1}"
	ProjectSection(SolutionItems) = preProject
		paket.dependencies = paket.dependencies
	EndProjectSection
EndProject
Project("{2150E333-8FDC-42A3-9474-1A3956D46DE8}") = "src", "src", "{EBA7993D-AB8A-4F76-8E91-1903BFD523F1}"
EndProject
Project("{6EC3EE1D-3C4E-46DD-8F32-0CC8E7565705}") = "Perla", "src\Perla\Perla.fsproj", "{37A5F6A7-5FA6-4839-8798-5034BD522202}"
EndProject
Project("{2150E333-8FDC-42A3-9474-1A3956D46DE8}") = "Solution Items", "Solution Items", "{E8DF567A-FA9E-4CCF-B117-E4D73572E92E}"
	ProjectSection(SolutionItems) = preProject
		.editorconfig = .editorconfig
		.gitignore = .gitignore
		LICENSE = LICENSE
		perla.schema.json = perla.schema.json
		README.md = README.md
		global.json = global.json
		tools.fsx = tools.fsx
		src\Directory.Build.props = src\Directory.Build.props
	EndProjectSection
EndProject
Project("{6EC3EE1D-3C4E-46DD-8F32-0CC8E7565705}") = "Perla.PackageManager", "src\Perla.PackageManager\Perla.PackageManager.fsproj", "{AAE4AEA1-8AC1-4ACC-B9BA-03C0251BB8D2}"
EndProject
Project("{6EC3EE1D-3C4E-46DD-8F32-0CC8E7565705}") = "Perla.Plugins", "src\Perla.Plugins\Perla.Plugins.fsproj", "{15F24A3C-3971-46D8-A3CB-D86466A4745A}"
EndProject
Project("{6EC3EE1D-3C4E-46DD-8F32-0CC8E7565705}") = "Perla.Logger", "src\Perla.Logger\Perla.Logger.fsproj", "{1BE2E0A4-759F-4997-9A11-116FFF9AAE4A}"
EndProject
Project("{778DAE3C-4631-46EA-AA77-85C1314464D9}") = "Flan", "src\Flan\Flan.vbproj", "{627243A7-10E6-4A4D-9A3D-466CC96004F1}"
EndProject
Project("{2150E333-8FDC-42A3-9474-1A3956D46DE8}") = "sample", "sample", "{8A91A834-42C4-4F4E-96F7-2A3F6EEAF86D}"
EndProject
Project("{F2A71F9B-5D33-465A-A702-920D77279786}") = "App", "sample\src\App.fsproj", "{47282206-8708-40D9-B719-244917138D8C}"
EndProject
Project("{2150E333-8FDC-42A3-9474-1A3956D46DE8}") = "tests", "tests", "{5C4E5179-198B-45FD-B3B2-6ACF362AA793}"
EndProject
Project("{F2A71F9B-5D33-465A-A702-920D77279786}") = "Perla.Tests", "tests\Perla.Tests\Perla.Tests.fsproj", "{34AE674A-CE46-4542-AF7B-9AD5D87A97B1}"
EndProject
Project("{F2A71F9B-5D33-465A-A702-920D77279786}") = "App.Tests", "sample\tests\App.Tests.fsproj", "{477DC1B0-AAA6-4F1C-B7D3-F81599301EF2}"
EndProject
Global
	GlobalSection(SolutionConfigurationPlatforms) = preSolution
		Debug|Any CPU = Debug|Any CPU
		Debug|x64 = Debug|x64
		Debug|x86 = Debug|x86
		Release|Any CPU = Release|Any CPU
		Release|x64 = Release|x64
		Release|x86 = Release|x86
	EndGlobalSection
	GlobalSection(ProjectConfigurationPlatforms) = postSolution
		{37A5F6A7-5FA6-4839-8798-5034BD522202}.Debug|Any CPU.ActiveCfg = Debug|Any CPU
		{37A5F6A7-5FA6-4839-8798-5034BD522202}.Debug|Any CPU.Build.0 = Debug|Any CPU
		{37A5F6A7-5FA6-4839-8798-5034BD522202}.Debug|x64.ActiveCfg = Debug|Any CPU
		{37A5F6A7-5FA6-4839-8798-5034BD522202}.Debug|x64.Build.0 = Debug|Any CPU
		{37A5F6A7-5FA6-4839-8798-5034BD522202}.Debug|x86.ActiveCfg = Debug|Any CPU
		{37A5F6A7-5FA6-4839-8798-5034BD522202}.Debug|x86.Build.0 = Debug|Any CPU
		{37A5F6A7-5FA6-4839-8798-5034BD522202}.Release|Any CPU.ActiveCfg = Release|Any CPU
		{37A5F6A7-5FA6-4839-8798-5034BD522202}.Release|Any CPU.Build.0 = Release|Any CPU
		{37A5F6A7-5FA6-4839-8798-5034BD522202}.Release|x64.ActiveCfg = Release|Any CPU
		{37A5F6A7-5FA6-4839-8798-5034BD522202}.Release|x64.Build.0 = Release|Any CPU
		{37A5F6A7-5FA6-4839-8798-5034BD522202}.Release|x86.ActiveCfg = Release|Any CPU
		{37A5F6A7-5FA6-4839-8798-5034BD522202}.Release|x86.Build.0 = Release|Any CPU
		{AAE4AEA1-8AC1-4ACC-B9BA-03C0251BB8D2}.Debug|Any CPU.ActiveCfg = Debug|Any CPU
		{AAE4AEA1-8AC1-4ACC-B9BA-03C0251BB8D2}.Debug|Any CPU.Build.0 = Debug|Any CPU
		{AAE4AEA1-8AC1-4ACC-B9BA-03C0251BB8D2}.Debug|x64.ActiveCfg = Debug|Any CPU
		{AAE4AEA1-8AC1-4ACC-B9BA-03C0251BB8D2}.Debug|x64.Build.0 = Debug|Any CPU
		{AAE4AEA1-8AC1-4ACC-B9BA-03C0251BB8D2}.Debug|x86.ActiveCfg = Debug|Any CPU
		{AAE4AEA1-8AC1-4ACC-B9BA-03C0251BB8D2}.Debug|x86.Build.0 = Debug|Any CPU
		{AAE4AEA1-8AC1-4ACC-B9BA-03C0251BB8D2}.Release|Any CPU.ActiveCfg = Release|Any CPU
		{AAE4AEA1-8AC1-4ACC-B9BA-03C0251BB8D2}.Release|Any CPU.Build.0 = Release|Any CPU
		{AAE4AEA1-8AC1-4ACC-B9BA-03C0251BB8D2}.Release|x64.ActiveCfg = Release|Any CPU
		{AAE4AEA1-8AC1-4ACC-B9BA-03C0251BB8D2}.Release|x64.Build.0 = Release|Any CPU
		{AAE4AEA1-8AC1-4ACC-B9BA-03C0251BB8D2}.Release|x86.ActiveCfg = Release|Any CPU
		{AAE4AEA1-8AC1-4ACC-B9BA-03C0251BB8D2}.Release|x86.Build.0 = Release|Any CPU
		{15F24A3C-3971-46D8-A3CB-D86466A4745A}.Debug|Any CPU.ActiveCfg = Debug|Any CPU
		{15F24A3C-3971-46D8-A3CB-D86466A4745A}.Debug|Any CPU.Build.0 = Debug|Any CPU
		{15F24A3C-3971-46D8-A3CB-D86466A4745A}.Debug|x64.ActiveCfg = Debug|Any CPU
		{15F24A3C-3971-46D8-A3CB-D86466A4745A}.Debug|x64.Build.0 = Debug|Any CPU
		{15F24A3C-3971-46D8-A3CB-D86466A4745A}.Debug|x86.ActiveCfg = Debug|Any CPU
		{15F24A3C-3971-46D8-A3CB-D86466A4745A}.Debug|x86.Build.0 = Debug|Any CPU
		{15F24A3C-3971-46D8-A3CB-D86466A4745A}.Release|Any CPU.ActiveCfg = Release|Any CPU
		{15F24A3C-3971-46D8-A3CB-D86466A4745A}.Release|Any CPU.Build.0 = Release|Any CPU
		{15F24A3C-3971-46D8-A3CB-D86466A4745A}.Release|x64.ActiveCfg = Release|Any CPU
		{15F24A3C-3971-46D8-A3CB-D86466A4745A}.Release|x64.Build.0 = Release|Any CPU
		{15F24A3C-3971-46D8-A3CB-D86466A4745A}.Release|x86.ActiveCfg = Release|Any CPU
		{15F24A3C-3971-46D8-A3CB-D86466A4745A}.Release|x86.Build.0 = Release|Any CPU
		{1BE2E0A4-759F-4997-9A11-116FFF9AAE4A}.Debug|Any CPU.ActiveCfg = Debug|Any CPU
		{1BE2E0A4-759F-4997-9A11-116FFF9AAE4A}.Debug|Any CPU.Build.0 = Debug|Any CPU
		{1BE2E0A4-759F-4997-9A11-116FFF9AAE4A}.Debug|x64.ActiveCfg = Debug|Any CPU
		{1BE2E0A4-759F-4997-9A11-116FFF9AAE4A}.Debug|x64.Build.0 = Debug|Any CPU
		{1BE2E0A4-759F-4997-9A11-116FFF9AAE4A}.Debug|x86.ActiveCfg = Debug|Any CPU
		{1BE2E0A4-759F-4997-9A11-116FFF9AAE4A}.Debug|x86.Build.0 = Debug|Any CPU
		{1BE2E0A4-759F-4997-9A11-116FFF9AAE4A}.Release|Any CPU.ActiveCfg = Release|Any CPU
		{1BE2E0A4-759F-4997-9A11-116FFF9AAE4A}.Release|Any CPU.Build.0 = Release|Any CPU
		{1BE2E0A4-759F-4997-9A11-116FFF9AAE4A}.Release|x64.ActiveCfg = Release|Any CPU
		{1BE2E0A4-759F-4997-9A11-116FFF9AAE4A}.Release|x64.Build.0 = Release|Any CPU
		{1BE2E0A4-759F-4997-9A11-116FFF9AAE4A}.Release|x86.ActiveCfg = Release|Any CPU
		{1BE2E0A4-759F-4997-9A11-116FFF9AAE4A}.Release|x86.Build.0 = Release|Any CPU
		{627243A7-10E6-4A4D-9A3D-466CC96004F1}.Debug|Any CPU.ActiveCfg = Debug|Any CPU
		{627243A7-10E6-4A4D-9A3D-466CC96004F1}.Debug|Any CPU.Build.0 = Debug|Any CPU
		{627243A7-10E6-4A4D-9A3D-466CC96004F1}.Debug|x64.ActiveCfg = Debug|Any CPU
		{627243A7-10E6-4A4D-9A3D-466CC96004F1}.Debug|x64.Build.0 = Debug|Any CPU
		{627243A7-10E6-4A4D-9A3D-466CC96004F1}.Debug|x86.ActiveCfg = Debug|Any CPU
		{627243A7-10E6-4A4D-9A3D-466CC96004F1}.Debug|x86.Build.0 = Debug|Any CPU
		{627243A7-10E6-4A4D-9A3D-466CC96004F1}.Release|Any CPU.ActiveCfg = Release|Any CPU
		{627243A7-10E6-4A4D-9A3D-466CC96004F1}.Release|Any CPU.Build.0 = Release|Any CPU
		{627243A7-10E6-4A4D-9A3D-466CC96004F1}.Release|x64.ActiveCfg = Release|Any CPU
		{627243A7-10E6-4A4D-9A3D-466CC96004F1}.Release|x64.Build.0 = Release|Any CPU
		{627243A7-10E6-4A4D-9A3D-466CC96004F1}.Release|x86.ActiveCfg = Release|Any CPU
		{627243A7-10E6-4A4D-9A3D-466CC96004F1}.Release|x86.Build.0 = Release|Any CPU
		{47282206-8708-40D9-B719-244917138D8C}.Debug|Any CPU.ActiveCfg = Debug|Any CPU
		{47282206-8708-40D9-B719-244917138D8C}.Debug|Any CPU.Build.0 = Debug|Any CPU
		{47282206-8708-40D9-B719-244917138D8C}.Debug|x64.ActiveCfg = Debug|Any CPU
		{47282206-8708-40D9-B719-244917138D8C}.Debug|x64.Build.0 = Debug|Any CPU
		{47282206-8708-40D9-B719-244917138D8C}.Debug|x86.ActiveCfg = Debug|Any CPU
		{47282206-8708-40D9-B719-244917138D8C}.Debug|x86.Build.0 = Debug|Any CPU
		{47282206-8708-40D9-B719-244917138D8C}.Release|Any CPU.ActiveCfg = Release|Any CPU
		{47282206-8708-40D9-B719-244917138D8C}.Release|Any CPU.Build.0 = Release|Any CPU
		{47282206-8708-40D9-B719-244917138D8C}.Release|x64.ActiveCfg = Release|Any CPU
		{47282206-8708-40D9-B719-244917138D8C}.Release|x64.Build.0 = Release|Any CPU
		{47282206-8708-40D9-B719-244917138D8C}.Release|x86.ActiveCfg = Release|Any CPU
		{47282206-8708-40D9-B719-244917138D8C}.Release|x86.Build.0 = Release|Any CPU
		{34AE674A-CE46-4542-AF7B-9AD5D87A97B1}.Debug|Any CPU.ActiveCfg = Debug|Any CPU
		{34AE674A-CE46-4542-AF7B-9AD5D87A97B1}.Debug|Any CPU.Build.0 = Debug|Any CPU
		{34AE674A-CE46-4542-AF7B-9AD5D87A97B1}.Debug|x64.ActiveCfg = Debug|Any CPU
		{34AE674A-CE46-4542-AF7B-9AD5D87A97B1}.Debug|x64.Build.0 = Debug|Any CPU
		{34AE674A-CE46-4542-AF7B-9AD5D87A97B1}.Debug|x86.ActiveCfg = Debug|Any CPU
		{34AE674A-CE46-4542-AF7B-9AD5D87A97B1}.Debug|x86.Build.0 = Debug|Any CPU
		{34AE674A-CE46-4542-AF7B-9AD5D87A97B1}.Release|Any CPU.ActiveCfg = Release|Any CPU
		{34AE674A-CE46-4542-AF7B-9AD5D87A97B1}.Release|Any CPU.Build.0 = Release|Any CPU
		{34AE674A-CE46-4542-AF7B-9AD5D87A97B1}.Release|x64.ActiveCfg = Release|Any CPU
		{34AE674A-CE46-4542-AF7B-9AD5D87A97B1}.Release|x64.Build.0 = Release|Any CPU
		{34AE674A-CE46-4542-AF7B-9AD5D87A97B1}.Release|x86.ActiveCfg = Release|Any CPU
		{34AE674A-CE46-4542-AF7B-9AD5D87A97B1}.Release|x86.Build.0 = Release|Any CPU
		{477DC1B0-AAA6-4F1C-B7D3-F81599301EF2}.Debug|Any CPU.ActiveCfg = Debug|Any CPU
		{477DC1B0-AAA6-4F1C-B7D3-F81599301EF2}.Debug|Any CPU.Build.0 = Debug|Any CPU
		{477DC1B0-AAA6-4F1C-B7D3-F81599301EF2}.Debug|x64.ActiveCfg = Debug|Any CPU
		{477DC1B0-AAA6-4F1C-B7D3-F81599301EF2}.Debug|x64.Build.0 = Debug|Any CPU
		{477DC1B0-AAA6-4F1C-B7D3-F81599301EF2}.Debug|x86.ActiveCfg = Debug|Any CPU
		{477DC1B0-AAA6-4F1C-B7D3-F81599301EF2}.Debug|x86.Build.0 = Debug|Any CPU
		{477DC1B0-AAA6-4F1C-B7D3-F81599301EF2}.Release|Any CPU.ActiveCfg = Release|Any CPU
		{477DC1B0-AAA6-4F1C-B7D3-F81599301EF2}.Release|Any CPU.Build.0 = Release|Any CPU
		{477DC1B0-AAA6-4F1C-B7D3-F81599301EF2}.Release|x64.ActiveCfg = Release|Any CPU
		{477DC1B0-AAA6-4F1C-B7D3-F81599301EF2}.Release|x64.Build.0 = Release|Any CPU
		{477DC1B0-AAA6-4F1C-B7D3-F81599301EF2}.Release|x86.ActiveCfg = Release|Any CPU
		{477DC1B0-AAA6-4F1C-B7D3-F81599301EF2}.Release|x86.Build.0 = Release|Any CPU
	EndGlobalSection
	GlobalSection(SolutionProperties) = preSolution
		HideSolutionNode = FALSE
	EndGlobalSection
	GlobalSection(NestedProjects) = preSolution
		{37A5F6A7-5FA6-4839-8798-5034BD522202} = {EBA7993D-AB8A-4F76-8E91-1903BFD523F1}
		{AAE4AEA1-8AC1-4ACC-B9BA-03C0251BB8D2} = {EBA7993D-AB8A-4F76-8E91-1903BFD523F1}
		{15F24A3C-3971-46D8-A3CB-D86466A4745A} = {EBA7993D-AB8A-4F76-8E91-1903BFD523F1}
		{1BE2E0A4-759F-4997-9A11-116FFF9AAE4A} = {EBA7993D-AB8A-4F76-8E91-1903BFD523F1}
		{627243A7-10E6-4A4D-9A3D-466CC96004F1} = {EBA7993D-AB8A-4F76-8E91-1903BFD523F1}
		{47282206-8708-40D9-B719-244917138D8C} = {8A91A834-42C4-4F4E-96F7-2A3F6EEAF86D}
		{34AE674A-CE46-4542-AF7B-9AD5D87A97B1} = {5C4E5179-198B-45FD-B3B2-6ACF362AA793}
		{477DC1B0-AAA6-4F1C-B7D3-F81599301EF2} = {8A91A834-42C4-4F4E-96F7-2A3F6EEAF86D}
	EndGlobalSection
	GlobalSection(ExtensibilityGlobals) = postSolution
		SolutionGuid = {7D4871D9-18C5-4755-8967-0F93A78C7715}
	EndGlobalSection
EndGlobal
