
Microsoft Visual Studio Solution File, Format Version 12.00
# Visual Studio Version 17
VisualStudioVersion = 17.0.31717.71
MinimumVisualStudioVersion = 10.0.40219.1
Project("{2150E333-8FDC-42A3-9474-1A3956D46DE8}") = "Solution Items", "Solution Items", "{E8DF567A-FA9E-4CCF-B117-E4D73572E92E}"
	ProjectSection(SolutionItems) = preProject
		.editorconfig = .editorconfig
		.gitignore = .gitignore
		build.fsx = build.fsx
		src\Directory.build.props = src\Directory.build.props
		LICENSE = LICENSE
		perla.schema.json = perla.schema.json
		README.md = README.md
	EndProjectSection
EndProject
Project("{2150E333-8FDC-42A3-9474-1A3956D46DE8}") = "src", "src", "{EBA7993D-AB8A-4F76-8E91-1903BFD523F1}"
EndProject
Project("{6EC3EE1D-3C4E-46DD-8F32-0CC8E7565705}") = "Perla", "src\Perla\Perla.fsproj", "{37A5F6A7-5FA6-4839-8798-5034BD522202}"
EndProject
Project("{6EC3EE1D-3C4E-46DD-8F32-0CC8E7565705}") = "Perla.Lib", "src\Perla.Lib\Perla.Lib.fsproj", "{5F0C5440-56DB-49D4-A9CF-51FB210FDEB4}"
EndProject
Project("{6EC3EE1D-3C4E-46DD-8F32-0CC8E7565705}") = "Perla.Server", "src\Perla.Server\Perla.Server.fsproj", "{C1DBBD46-371E-41BC-9B1A-D8A6D38C7B03}"
EndProject
Project("{6EC3EE1D-3C4E-46DD-8F32-0CC8E7565705}") = "Perla.Scaffolding", "src\Perla.Scaffolding\Perla.Scaffolding.fsproj", "{9C9D48CA-72D0-4AE5-B4FF-FC0AE50F017B}"
EndProject
Project("{6EC3EE1D-3C4E-46DD-8F32-0CC8E7565705}") = "Perla.Build.Services", "src\Perla.Build.Services\Perla.Build.Services.fsproj", "{13FC4BEA-C5F5-4C16-9FA3-BF24ED85591A}"
EndProject
Project("{6EC3EE1D-3C4E-46DD-8F32-0CC8E7565705}") = "Perla.Extensibility", "src\Perla.Extensibility\Perla.Extensibility.fsproj", "{FC6BC572-A998-4577-A630-8B8DFAEBF9E0}"
EndProject
Project("{F2A71F9B-5D33-465A-A702-920D77279786}") = "Perla.FileSystem", "src\Perla.FileSystem\Perla.FileSystem.fsproj", "{4040BB9D-DB62-4D1D-8B16-53B331EEADEF}"
EndProject
Project("{2150E333-8FDC-42A3-9474-1A3956D46DE8}") = "experiments", "experiments", "{6180FBFF-8364-4512-ABED-9E2302B71065}"
EndProject
Project("{6EC3EE1D-3C4E-46DD-8F32-0CC8E7565705}") = "Shellfish", "src\experiments\Shellfish\Shellfish.fsproj", "{8D521A50-E2B2-471A-B806-4EC8B89E3166}"
EndProject
Project("{6EC3EE1D-3C4E-46DD-8F32-0CC8E7565705}") = "Calcetate", "src\experiments\Calcetate\Calcetate\Calcetate.fsproj", "{6D21A5EA-5E75-4175-8B6F-3D2F4334C30C}"
EndProject
Project("{6EC3EE1D-3C4E-46DD-8F32-0CC8E7565705}") = "Nacre", "src\experiments\Nacre\Nacre\Nacre.fsproj", "{2C5BC1B4-C2FA-4358-A3CA-DA42BEC0FCA2}"
EndProject
Project("{2150E333-8FDC-42A3-9474-1A3956D46DE8}") = "App", "App", "{40C29442-8C0A-40D9-9F93-BC04D17FC870}"
EndProject
Project("{6EC3EE1D-3C4E-46DD-8F32-0CC8E7565705}") = "App", "src\App\src\App.fsproj", "{6A52D478-4F60-4189-9271-66D814C29DCC}"
EndProject
Global
	GlobalSection(SolutionConfigurationPlatforms) = preSolution
		Debug|Any CPU = Debug|Any CPU
		Debug|x64 = Debug|x64
		Debug|x86 = Debug|x86
		Release|Any CPU = Release|Any CPU
		Release|x64 = Release|x64
		Release|x86 = Release|x86
	EndGlobalSection
	GlobalSection(ProjectConfigurationPlatforms) = postSolution
		{37A5F6A7-5FA6-4839-8798-5034BD522202}.Debug|Any CPU.ActiveCfg = Debug|Any CPU
		{37A5F6A7-5FA6-4839-8798-5034BD522202}.Debug|Any CPU.Build.0 = Debug|Any CPU
		{37A5F6A7-5FA6-4839-8798-5034BD522202}.Debug|x64.ActiveCfg = Debug|Any CPU
		{37A5F6A7-5FA6-4839-8798-5034BD522202}.Debug|x64.Build.0 = Debug|Any CPU
		{37A5F6A7-5FA6-4839-8798-5034BD522202}.Debug|x86.ActiveCfg = Debug|Any CPU
		{37A5F6A7-5FA6-4839-8798-5034BD522202}.Debug|x86.Build.0 = Debug|Any CPU
		{37A5F6A7-5FA6-4839-8798-5034BD522202}.Release|Any CPU.ActiveCfg = Release|Any CPU
		{37A5F6A7-5FA6-4839-8798-5034BD522202}.Release|Any CPU.Build.0 = Release|Any CPU
		{37A5F6A7-5FA6-4839-8798-5034BD522202}.Release|x64.ActiveCfg = Release|Any CPU
		{37A5F6A7-5FA6-4839-8798-5034BD522202}.Release|x64.Build.0 = Release|Any CPU
		{37A5F6A7-5FA6-4839-8798-5034BD522202}.Release|x86.ActiveCfg = Release|Any CPU
		{37A5F6A7-5FA6-4839-8798-5034BD522202}.Release|x86.Build.0 = Release|Any CPU
		{5F0C5440-56DB-49D4-A9CF-51FB210FDEB4}.Debug|Any CPU.ActiveCfg = Debug|Any CPU
		{5F0C5440-56DB-49D4-A9CF-51FB210FDEB4}.Debug|Any CPU.Build.0 = Debug|Any CPU
		{5F0C5440-56DB-49D4-A9CF-51FB210FDEB4}.Debug|x64.ActiveCfg = Debug|Any CPU
		{5F0C5440-56DB-49D4-A9CF-51FB210FDEB4}.Debug|x64.Build.0 = Debug|Any CPU
		{5F0C5440-56DB-49D4-A9CF-51FB210FDEB4}.Debug|x86.ActiveCfg = Debug|Any CPU
		{5F0C5440-56DB-49D4-A9CF-51FB210FDEB4}.Debug|x86.Build.0 = Debug|Any CPU
		{5F0C5440-56DB-49D4-A9CF-51FB210FDEB4}.Release|Any CPU.ActiveCfg = Release|Any CPU
		{5F0C5440-56DB-49D4-A9CF-51FB210FDEB4}.Release|Any CPU.Build.0 = Release|Any CPU
		{5F0C5440-56DB-49D4-A9CF-51FB210FDEB4}.Release|x64.ActiveCfg = Release|Any CPU
		{5F0C5440-56DB-49D4-A9CF-51FB210FDEB4}.Release|x64.Build.0 = Release|Any CPU
		{5F0C5440-56DB-49D4-A9CF-51FB210FDEB4}.Release|x86.ActiveCfg = Release|Any CPU
		{5F0C5440-56DB-49D4-A9CF-51FB210FDEB4}.Release|x86.Build.0 = Release|Any CPU
		{C1DBBD46-371E-41BC-9B1A-D8A6D38C7B03}.Debug|Any CPU.ActiveCfg = Debug|Any CPU
		{C1DBBD46-371E-41BC-9B1A-D8A6D38C7B03}.Debug|Any CPU.Build.0 = Debug|Any CPU
		{C1DBBD46-371E-41BC-9B1A-D8A6D38C7B03}.Debug|x64.ActiveCfg = Debug|Any CPU
		{C1DBBD46-371E-41BC-9B1A-D8A6D38C7B03}.Debug|x64.Build.0 = Debug|Any CPU
		{C1DBBD46-371E-41BC-9B1A-D8A6D38C7B03}.Debug|x86.ActiveCfg = Debug|Any CPU
		{C1DBBD46-371E-41BC-9B1A-D8A6D38C7B03}.Debug|x86.Build.0 = Debug|Any CPU
		{C1DBBD46-371E-41BC-9B1A-D8A6D38C7B03}.Release|Any CPU.ActiveCfg = Release|Any CPU
		{C1DBBD46-371E-41BC-9B1A-D8A6D38C7B03}.Release|Any CPU.Build.0 = Release|Any CPU
		{C1DBBD46-371E-41BC-9B1A-D8A6D38C7B03}.Release|x64.ActiveCfg = Release|Any CPU
		{C1DBBD46-371E-41BC-9B1A-D8A6D38C7B03}.Release|x64.Build.0 = Release|Any CPU
		{C1DBBD46-371E-41BC-9B1A-D8A6D38C7B03}.Release|x86.ActiveCfg = Release|Any CPU
		{C1DBBD46-371E-41BC-9B1A-D8A6D38C7B03}.Release|x86.Build.0 = Release|Any CPU
		{9C9D48CA-72D0-4AE5-B4FF-FC0AE50F017B}.Debug|Any CPU.ActiveCfg = Debug|Any CPU
		{9C9D48CA-72D0-4AE5-B4FF-FC0AE50F017B}.Debug|Any CPU.Build.0 = Debug|Any CPU
		{9C9D48CA-72D0-4AE5-B4FF-FC0AE50F017B}.Debug|x64.ActiveCfg = Debug|Any CPU
		{9C9D48CA-72D0-4AE5-B4FF-FC0AE50F017B}.Debug|x64.Build.0 = Debug|Any CPU
		{9C9D48CA-72D0-4AE5-B4FF-FC0AE50F017B}.Debug|x86.ActiveCfg = Debug|Any CPU
		{9C9D48CA-72D0-4AE5-B4FF-FC0AE50F017B}.Debug|x86.Build.0 = Debug|Any CPU
		{9C9D48CA-72D0-4AE5-B4FF-FC0AE50F017B}.Release|Any CPU.ActiveCfg = Release|Any CPU
		{9C9D48CA-72D0-4AE5-B4FF-FC0AE50F017B}.Release|Any CPU.Build.0 = Release|Any CPU
		{9C9D48CA-72D0-4AE5-B4FF-FC0AE50F017B}.Release|x64.ActiveCfg = Release|Any CPU
		{9C9D48CA-72D0-4AE5-B4FF-FC0AE50F017B}.Release|x64.Build.0 = Release|Any CPU
		{9C9D48CA-72D0-4AE5-B4FF-FC0AE50F017B}.Release|x86.ActiveCfg = Release|Any CPU
		{9C9D48CA-72D0-4AE5-B4FF-FC0AE50F017B}.Release|x86.Build.0 = Release|Any CPU
		{13FC4BEA-C5F5-4C16-9FA3-BF24ED85591A}.Debug|Any CPU.ActiveCfg = Debug|Any CPU
		{13FC4BEA-C5F5-4C16-9FA3-BF24ED85591A}.Debug|Any CPU.Build.0 = Debug|Any CPU
		{13FC4BEA-C5F5-4C16-9FA3-BF24ED85591A}.Debug|x64.ActiveCfg = Debug|Any CPU
		{13FC4BEA-C5F5-4C16-9FA3-BF24ED85591A}.Debug|x64.Build.0 = Debug|Any CPU
		{13FC4BEA-C5F5-4C16-9FA3-BF24ED85591A}.Debug|x86.ActiveCfg = Debug|Any CPU
		{13FC4BEA-C5F5-4C16-9FA3-BF24ED85591A}.Debug|x86.Build.0 = Debug|Any CPU
		{13FC4BEA-C5F5-4C16-9FA3-BF24ED85591A}.Release|Any CPU.ActiveCfg = Release|Any CPU
		{13FC4BEA-C5F5-4C16-9FA3-BF24ED85591A}.Release|Any CPU.Build.0 = Release|Any CPU
		{13FC4BEA-C5F5-4C16-9FA3-BF24ED85591A}.Release|x64.ActiveCfg = Release|Any CPU
		{13FC4BEA-C5F5-4C16-9FA3-BF24ED85591A}.Release|x64.Build.0 = Release|Any CPU
		{13FC4BEA-C5F5-4C16-9FA3-BF24ED85591A}.Release|x86.ActiveCfg = Release|Any CPU
		{13FC4BEA-C5F5-4C16-9FA3-BF24ED85591A}.Release|x86.Build.0 = Release|Any CPU
		{FC6BC572-A998-4577-A630-8B8DFAEBF9E0}.Debug|Any CPU.ActiveCfg = Debug|Any CPU
		{FC6BC572-A998-4577-A630-8B8DFAEBF9E0}.Debug|Any CPU.Build.0 = Debug|Any CPU
		{FC6BC572-A998-4577-A630-8B8DFAEBF9E0}.Debug|x64.ActiveCfg = Debug|Any CPU
		{FC6BC572-A998-4577-A630-8B8DFAEBF9E0}.Debug|x64.Build.0 = Debug|Any CPU
		{FC6BC572-A998-4577-A630-8B8DFAEBF9E0}.Debug|x86.ActiveCfg = Debug|Any CPU
		{FC6BC572-A998-4577-A630-8B8DFAEBF9E0}.Debug|x86.Build.0 = Debug|Any CPU
		{FC6BC572-A998-4577-A630-8B8DFAEBF9E0}.Release|Any CPU.ActiveCfg = Release|Any CPU
		{FC6BC572-A998-4577-A630-8B8DFAEBF9E0}.Release|Any CPU.Build.0 = Release|Any CPU
		{FC6BC572-A998-4577-A630-8B8DFAEBF9E0}.Release|x64.ActiveCfg = Release|Any CPU
		{FC6BC572-A998-4577-A630-8B8DFAEBF9E0}.Release|x64.Build.0 = Release|Any CPU
		{FC6BC572-A998-4577-A630-8B8DFAEBF9E0}.Release|x86.ActiveCfg = Release|Any CPU
		{FC6BC572-A998-4577-A630-8B8DFAEBF9E0}.Release|x86.Build.0 = Release|Any CPU
		{8D521A50-E2B2-471A-B806-4EC8B89E3166}.Debug|Any CPU.ActiveCfg = Debug|Any CPU
		{8D521A50-E2B2-471A-B806-4EC8B89E3166}.Debug|Any CPU.Build.0 = Debug|Any CPU
		{8D521A50-E2B2-471A-B806-4EC8B89E3166}.Debug|x64.ActiveCfg = Debug|Any CPU
		{8D521A50-E2B2-471A-B806-4EC8B89E3166}.Debug|x64.Build.0 = Debug|Any CPU
		{8D521A50-E2B2-471A-B806-4EC8B89E3166}.Debug|x86.ActiveCfg = Debug|Any CPU
		{8D521A50-E2B2-471A-B806-4EC8B89E3166}.Debug|x86.Build.0 = Debug|Any CPU
		{8D521A50-E2B2-471A-B806-4EC8B89E3166}.Release|Any CPU.ActiveCfg = Release|Any CPU
		{8D521A50-E2B2-471A-B806-4EC8B89E3166}.Release|Any CPU.Build.0 = Release|Any CPU
		{8D521A50-E2B2-471A-B806-4EC8B89E3166}.Release|x64.ActiveCfg = Release|Any CPU
		{8D521A50-E2B2-471A-B806-4EC8B89E3166}.Release|x64.Build.0 = Release|Any CPU
		{8D521A50-E2B2-471A-B806-4EC8B89E3166}.Release|x86.ActiveCfg = Release|Any CPU
		{8D521A50-E2B2-471A-B806-4EC8B89E3166}.Release|x86.Build.0 = Release|Any CPU
		{6D21A5EA-5E75-4175-8B6F-3D2F4334C30C}.Debug|Any CPU.ActiveCfg = Debug|Any CPU
		{6D21A5EA-5E75-4175-8B6F-3D2F4334C30C}.Debug|Any CPU.Build.0 = Debug|Any CPU
		{6D21A5EA-5E75-4175-8B6F-3D2F4334C30C}.Debug|x64.ActiveCfg = Debug|Any CPU
		{6D21A5EA-5E75-4175-8B6F-3D2F4334C30C}.Debug|x64.Build.0 = Debug|Any CPU
		{6D21A5EA-5E75-4175-8B6F-3D2F4334C30C}.Debug|x86.ActiveCfg = Debug|Any CPU
		{6D21A5EA-5E75-4175-8B6F-3D2F4334C30C}.Debug|x86.Build.0 = Debug|Any CPU
		{6D21A5EA-5E75-4175-8B6F-3D2F4334C30C}.Release|Any CPU.ActiveCfg = Release|Any CPU
		{6D21A5EA-5E75-4175-8B6F-3D2F4334C30C}.Release|Any CPU.Build.0 = Release|Any CPU
		{6D21A5EA-5E75-4175-8B6F-3D2F4334C30C}.Release|x64.ActiveCfg = Release|Any CPU
		{6D21A5EA-5E75-4175-8B6F-3D2F4334C30C}.Release|x64.Build.0 = Release|Any CPU
		{6D21A5EA-5E75-4175-8B6F-3D2F4334C30C}.Release|x86.ActiveCfg = Release|Any CPU
		{6D21A5EA-5E75-4175-8B6F-3D2F4334C30C}.Release|x86.Build.0 = Release|Any CPU
		{2C5BC1B4-C2FA-4358-A3CA-DA42BEC0FCA2}.Debug|Any CPU.ActiveCfg = Debug|Any CPU
		{2C5BC1B4-C2FA-4358-A3CA-DA42BEC0FCA2}.Debug|Any CPU.Build.0 = Debug|Any CPU
		{2C5BC1B4-C2FA-4358-A3CA-DA42BEC0FCA2}.Debug|x64.ActiveCfg = Debug|Any CPU
		{2C5BC1B4-C2FA-4358-A3CA-DA42BEC0FCA2}.Debug|x64.Build.0 = Debug|Any CPU
		{2C5BC1B4-C2FA-4358-A3CA-DA42BEC0FCA2}.Debug|x86.ActiveCfg = Debug|Any CPU
		{2C5BC1B4-C2FA-4358-A3CA-DA42BEC0FCA2}.Debug|x86.Build.0 = Debug|Any CPU
		{2C5BC1B4-C2FA-4358-A3CA-DA42BEC0FCA2}.Release|Any CPU.ActiveCfg = Release|Any CPU
		{2C5BC1B4-C2FA-4358-A3CA-DA42BEC0FCA2}.Release|Any CPU.Build.0 = Release|Any CPU
		{2C5BC1B4-C2FA-4358-A3CA-DA42BEC0FCA2}.Release|x64.ActiveCfg = Release|Any CPU
		{2C5BC1B4-C2FA-4358-A3CA-DA42BEC0FCA2}.Release|x64.Build.0 = Release|Any CPU
		{2C5BC1B4-C2FA-4358-A3CA-DA42BEC0FCA2}.Release|x86.ActiveCfg = Release|Any CPU
		{2C5BC1B4-C2FA-4358-A3CA-DA42BEC0FCA2}.Release|x86.Build.0 = Release|Any CPU
		{6A52D478-4F60-4189-9271-66D814C29DCC}.Debug|Any CPU.ActiveCfg = Debug|Any CPU
		{6A52D478-4F60-4189-9271-66D814C29DCC}.Debug|Any CPU.Build.0 = Debug|Any CPU
		{6A52D478-4F60-4189-9271-66D814C29DCC}.Debug|x64.ActiveCfg = Debug|Any CPU
		{6A52D478-4F60-4189-9271-66D814C29DCC}.Debug|x64.Build.0 = Debug|Any CPU
		{6A52D478-4F60-4189-9271-66D814C29DCC}.Debug|x86.ActiveCfg = Debug|Any CPU
		{6A52D478-4F60-4189-9271-66D814C29DCC}.Debug|x86.Build.0 = Debug|Any CPU
		{6A52D478-4F60-4189-9271-66D814C29DCC}.Release|Any CPU.ActiveCfg = Release|Any CPU
		{6A52D478-4F60-4189-9271-66D814C29DCC}.Release|Any CPU.Build.0 = Release|Any CPU
		{6A52D478-4F60-4189-9271-66D814C29DCC}.Release|x64.ActiveCfg = Release|Any CPU
		{6A52D478-4F60-4189-9271-66D814C29DCC}.Release|x64.Build.0 = Release|Any CPU
		{6A52D478-4F60-4189-9271-66D814C29DCC}.Release|x86.ActiveCfg = Release|Any CPU
		{6A52D478-4F60-4189-9271-66D814C29DCC}.Release|x86.Build.0 = Release|Any CPU
		{4040BB9D-DB62-4D1D-8B16-53B331EEADEF}.Debug|Any CPU.ActiveCfg = Debug|Any CPU
		{4040BB9D-DB62-4D1D-8B16-53B331EEADEF}.Debug|Any CPU.Build.0 = Debug|Any CPU
		{4040BB9D-DB62-4D1D-8B16-53B331EEADEF}.Debug|x64.ActiveCfg = Debug|Any CPU
		{4040BB9D-DB62-4D1D-8B16-53B331EEADEF}.Debug|x64.Build.0 = Debug|Any CPU
		{4040BB9D-DB62-4D1D-8B16-53B331EEADEF}.Debug|x86.ActiveCfg = Debug|Any CPU
		{4040BB9D-DB62-4D1D-8B16-53B331EEADEF}.Debug|x86.Build.0 = Debug|Any CPU
		{4040BB9D-DB62-4D1D-8B16-53B331EEADEF}.Release|Any CPU.ActiveCfg = Release|Any CPU
		{4040BB9D-DB62-4D1D-8B16-53B331EEADEF}.Release|Any CPU.Build.0 = Release|Any CPU
		{4040BB9D-DB62-4D1D-8B16-53B331EEADEF}.Release|x64.ActiveCfg = Release|Any CPU
		{4040BB9D-DB62-4D1D-8B16-53B331EEADEF}.Release|x64.Build.0 = Release|Any CPU
		{4040BB9D-DB62-4D1D-8B16-53B331EEADEF}.Release|x86.ActiveCfg = Release|Any CPU
		{4040BB9D-DB62-4D1D-8B16-53B331EEADEF}.Release|x86.Build.0 = Release|Any CPU
	EndGlobalSection
	GlobalSection(SolutionProperties) = preSolution
		HideSolutionNode = FALSE
	EndGlobalSection
	GlobalSection(NestedProjects) = preSolution
		{4040BB9D-DB62-4D1D-8B16-53B331EEADEF} = {EBA7993D-AB8A-4F76-8E91-1903BFD523F1}
		{37A5F6A7-5FA6-4839-8798-5034BD522202} = {EBA7993D-AB8A-4F76-8E91-1903BFD523F1}
		{5F0C5440-56DB-49D4-A9CF-51FB210FDEB4} = {EBA7993D-AB8A-4F76-8E91-1903BFD523F1}
		{C1DBBD46-371E-41BC-9B1A-D8A6D38C7B03} = {EBA7993D-AB8A-4F76-8E91-1903BFD523F1}
		{9C9D48CA-72D0-4AE5-B4FF-FC0AE50F017B} = {EBA7993D-AB8A-4F76-8E91-1903BFD523F1}
		{13FC4BEA-C5F5-4C16-9FA3-BF24ED85591A} = {EBA7993D-AB8A-4F76-8E91-1903BFD523F1}
		{FC6BC572-A998-4577-A630-8B8DFAEBF9E0} = {EBA7993D-AB8A-4F76-8E91-1903BFD523F1}
		{6180FBFF-8364-4512-ABED-9E2302B71065} = {EBA7993D-AB8A-4F76-8E91-1903BFD523F1}
		{8D521A50-E2B2-471A-B806-4EC8B89E3166} = {6180FBFF-8364-4512-ABED-9E2302B71065}
		{40C29442-8C0A-40D9-9F93-BC04D17FC870} = {EBA7993D-AB8A-4F76-8E91-1903BFD523F1}
		{6A52D478-4F60-4189-9271-66D814C29DCC} = {40C29442-8C0A-40D9-9F93-BC04D17FC870}
		{6D21A5EA-5E75-4175-8B6F-3D2F4334C30C} = {6180FBFF-8364-4512-ABED-9E2302B71065}
		{2C5BC1B4-C2FA-4358-A3CA-DA42BEC0FCA2} = {6180FBFF-8364-4512-ABED-9E2302B71065}
	EndGlobalSection
	GlobalSection(ExtensibilityGlobals) = postSolution
		SolutionGuid = {7D4871D9-18C5-4755-8967-0F93A78C7715}
	EndGlobalSection
EndGlobal
